
Microsoft Visual Studio Solution File, Format Version 12.00
# Visual Studio Version 17
VisualStudioVersion = 17.0.31903.59
MinimumVisualStudioVersion = 10.0.40219.1
Project("{2150E333-8FDC-42A3-9474-1A3956D46DE8}") = "src", "src", "{6FF014F1-440A-49B3-BF0E-1A38AD2E19A6}"
EndProject
Project("{FAE04EC0-301F-11D3-BF4B-00C04F79EFBC}") = "Api", "src\Api\Api.csproj", "{9B7B8BC0-32EF-446E-9AD7-4593F940B353}"
EndProject
Project("{FAE04EC0-301F-11D3-BF4B-00C04F79EFBC}") = "Core", "src\Core\Core.csproj", "{95716ADB-035B-481C-9A2D-DC46740D177A}"
EndProject
Project("{FAE04EC0-301F-11D3-BF4B-00C04F79EFBC}") = "Data", "src\Data\Data.csproj", "{5A2F113B-65F3-47AC-B2C2-1F49992365EF}"
EndProject
Global
	GlobalSection(SolutionConfigurationPlatforms) = preSolution
		Debug|Any CPU = Debug|Any CPU
		Release|Any CPU = Release|Any CPU
	EndGlobalSection
	GlobalSection(SolutionProperties) = preSolution
		HideSolutionNode = FALSE
	EndGlobalSection
	GlobalSection(ProjectConfigurationPlatforms) = postSolution
		{9B7B8BC0-32EF-446E-9AD7-4593F940B353}.Debug|Any CPU.ActiveCfg = Debug|Any CPU
		{9B7B8BC0-32EF-446E-9AD7-4593F940B353}.Debug|Any CPU.Build.0 = Debug|Any CPU
		{9B7B8BC0-32EF-446E-9AD7-4593F940B353}.Release|Any CPU.ActiveCfg = Release|Any CPU
		{9B7B8BC0-32EF-446E-9AD7-4593F940B353}.Release|Any CPU.Build.0 = Release|Any CPU
		{95716ADB-035B-481C-9A2D-DC46740D177A}.Debug|Any CPU.ActiveCfg = Debug|Any CPU
		{95716ADB-035B-481C-9A2D-DC46740D177A}.Debug|Any CPU.Build.0 = Debug|Any CPU
		{95716ADB-035B-481C-9A2D-DC46740D177A}.Release|Any CPU.ActiveCfg = Release|Any CPU
		{95716ADB-035B-481C-9A2D-DC46740D177A}.Release|Any CPU.Build.0 = Release|Any CPU
		{5A2F113B-65F3-47AC-B2C2-1F49992365EF}.Debug|Any CPU.ActiveCfg = Debug|Any CPU
		{5A2F113B-65F3-47AC-B2C2-1F49992365EF}.Debug|Any CPU.Build.0 = Debug|Any CPU
		{5A2F113B-65F3-47AC-B2C2-1F49992365EF}.Release|Any CPU.ActiveCfg = Release|Any CPU
		{5A2F113B-65F3-47AC-B2C2-1F49992365EF}.Release|Any CPU.Build.0 = Release|Any CPU
	EndGlobalSection
	GlobalSection(NestedProjects) = preSolution
		{9B7B8BC0-32EF-446E-9AD7-4593F940B353} = {6FF014F1-440A-49B3-BF0E-1A38AD2E19A6}
		{95716ADB-035B-481C-9A2D-DC46740D177A} = {6FF014F1-440A-49B3-BF0E-1A38AD2E19A6}
		{5A2F113B-65F3-47AC-B2C2-1F49992365EF} = {6FF014F1-440A-49B3-BF0E-1A38AD2E19A6}
	EndGlobalSection
EndGlobal
